
Microsoft Visual Studio Solution File, Format Version 12.00
# Visual Studio 2012
Project("{FAE04EC0-301F-11D3-BF4B-00C04F79EFBC}") = "BasicContacts", "BasicContacts\BasicContacts.csproj", "{86C1E5FF-E2AD-4CC1-98F7-DE63AD0BD1EC}"
EndProject
Project("{FAE04EC0-301F-11D3-BF4B-00C04F79EFBC}") = "BasicContactsTests", "BasicContactsTests\BasicContactsTests.csproj", "{55FF84CF-F2CE-4791-A4A7-6C9006012890}"
EndProject
Global
	GlobalSection(SolutionConfigurationPlatforms) = preSolution
		Debug|Any CPU = Debug|Any CPU
		Release|Any CPU = Release|Any CPU
	EndGlobalSection
	GlobalSection(ProjectConfigurationPlatforms) = postSolution
		{86C1E5FF-E2AD-4CC1-98F7-DE63AD0BD1EC}.Debug|Any CPU.ActiveCfg = Debug|Any CPU
		{86C1E5FF-E2AD-4CC1-98F7-DE63AD0BD1EC}.Debug|Any CPU.Build.0 = Debug|Any CPU
		{86C1E5FF-E2AD-4CC1-98F7-DE63AD0BD1EC}.Release|Any CPU.ActiveCfg = Release|Any CPU
		{86C1E5FF-E2AD-4CC1-98F7-DE63AD0BD1EC}.Release|Any CPU.Build.0 = Release|Any CPU
		{55FF84CF-F2CE-4791-A4A7-6C9006012890}.Debug|Any CPU.ActiveCfg = Debug|Any CPU
		{55FF84CF-F2CE-4791-A4A7-6C9006012890}.Debug|Any CPU.Build.0 = Debug|Any CPU
		{55FF84CF-F2CE-4791-A4A7-6C9006012890}.Release|Any CPU.ActiveCfg = Release|Any CPU
		{55FF84CF-F2CE-4791-A4A7-6C9006012890}.Release|Any CPU.Build.0 = Release|Any CPU
	EndGlobalSection
	GlobalSection(SolutionProperties) = preSolution
		HideSolutionNode = FALSE
	EndGlobalSection
EndGlobal
